version = 1
revision = 3
requires-python = ">=3.12"

[[package]]
name = "eva-jo-re"
version = "0.1.0"
source = { virtual = "." }
dependencies = [
    { name = "pycdlib" },
]

[package.metadata]
requires-dist = [{ name = "pycdlib", specifier = ">=1.16.0" }]

[[package]]
name = "pycdlib"
version = "1.16.0"
source = { registry = "https://pypi.org/simple" }
sdist = { url = "https://files.pythonhosted.org/packages/10/38/9d1ab6815f97700cff7b6425675e993d2d7421c0af7f70478617e4bcab4a/pycdlib-1.16.0.tar.gz", hash = "sha256:da02ce3d3a7cc1f879cd84db7bb39427a082cee0dbf0730fec89604039344058", size = 305934, upload-time = "2026-04-29T01:42:54.018Z" }
wheels = [
    { url = "https://files.pythonhosted.org/packages/4d/21/434b2f36cdbeb209dd95866c002b26a467c21f9c0f428d1509b46df27781/pycdlib-1.16.0-py2.py3-none-any.whl", hash = "sha256:17843829c6bf2fd365d3d2e49a94f06da82c999efc313b9f26b0ce59c0070785", size = 214861, upload-time = "2026-04-29T01:42:52.399Z" },
]
